// !$*UTF8*$!
{
	archiveVersion = 1;
	classes = {
	};
	objectVersion = 46;
	objects = {

/* Begin PBXBuildFile section */
		59DC6B4418D7EED9006F0DBC /* CategoryPickerViewController.m in Sources */ = {isa = PBXBuildFile; fileRef = 59DC6B4318D7EED9006F0DBC /* CategoryPickerViewController.m */; };
		59DC6B4718D834A4006F0DBC /* HudView.m in Sources */ = {isa = PBXBuildFile; fileRef = 59DC6B4618D834A4006F0DBC /* HudView.m */; };
		59E31D7918D13A5000F03728 /* Foundation.framework in Frameworks */ = {isa = PBXBuildFile; fileRef = 59E31D7818D13A5000F03728 /* Foundation.framework */; };
		59E31D7B18D13A5000F03728 /* CoreGraphics.framework in Frameworks */ = {isa = PBXBuildFile; fileRef = 59E31D7A18D13A5000F03728 /* CoreGraphics.framework */; };
		59E31D7D18D13A5000F03728 /* UIKit.framework in Frameworks */ = {isa = PBXBuildFile; fileRef = 59E31D7C18D13A5000F03728 /* UIKit.framework */; };
		59E31D8318D13A5000F03728 /* InfoPlist.strings in Resources */ = {isa = PBXBuildFile; fileRef = 59E31D8118D13A5000F03728 /* InfoPlist.strings */; };
		59E31D8518D13A5000F03728 /* main.m in Sources */ = {isa = PBXBuildFile; fileRef = 59E31D8418D13A5000F03728 /* main.m */; };
		59E31D8918D13A5000F03728 /* AppDelegate.m in Sources */ = {isa = PBXBuildFile; fileRef = 59E31D8818D13A5000F03728 /* AppDelegate.m */; };
		59E31D8C18D13A5000F03728 /* Main.storyboard in Resources */ = {isa = PBXBuildFile; fileRef = 59E31D8A18D13A5000F03728 /* Main.storyboard */; };
		59E31D8F18D13A5000F03728 /* CurrentLocationViewController.m in Sources */ = {isa = PBXBuildFile; fileRef = 59E31D8E18D13A5000F03728 /* CurrentLocationViewController.m */; };
		59E31D9218D13A5000F03728 /* SecondViewController.m in Sources */ = {isa = PBXBuildFile; fileRef = 59E31D9118D13A5000F03728 /* SecondViewController.m */; };
		59E31D9418D13A5000F03728 /* Images.xcassets in Resources */ = {isa = PBXBuildFile; fileRef = 59E31D9318D13A5000F03728 /* Images.xcassets */; };
		59E31D9B18D13A5000F03728 /* XCTest.framework in Frameworks */ = {isa = PBXBuildFile; fileRef = 59E31D9A18D13A5000F03728 /* XCTest.framework */; };
		59E31D9C18D13A5000F03728 /* Foundation.framework in Frameworks */ = {isa = PBXBuildFile; fileRef = 59E31D7818D13A5000F03728 /* Foundation.framework */; };
		59E31D9D18D13A5000F03728 /* UIKit.framework in Frameworks */ = {isa = PBXBuildFile; fileRef = 59E31D7C18D13A5000F03728 /* UIKit.framework */; };
		59E31DA518D13A5000F03728 /* InfoPlist.strings in Resources */ = {isa = PBXBuildFile; fileRef = 59E31DA318D13A5000F03728 /* InfoPlist.strings */; };
		59E31DA718D13A5000F03728 /* MyLocationsTests.m in Sources */ = {isa = PBXBuildFile; fileRef = 59E31DA618D13A5000F03728 /* MyLocationsTests.m */; };
		59E31DB118D1463C00F03728 /* CoreLocation.framework in Frameworks */ = {isa = PBXBuildFile; fileRef = 59E31DB018D1463C00F03728 /* CoreLocation.framework */; };
		59EE268B18D72A8900D8930C /* LocationDetailsViewController.m in Sources */ = {isa = PBXBuildFile; fileRef = 59EE268A18D72A8900D8930C /* LocationDetailsViewController.m */; };
		59EE268D18D87E3000D8930C /* CoreData.framework in Frameworks */ = {isa = PBXBuildFile; fileRef = 59EE268C18D87E3000D8930C /* CoreData.framework */; };
		59EE269018D87E8600D8930C /* DataModel.xcdatamodeld in Sources */ = {isa = PBXBuildFile; fileRef = 59EE268E18D87E8600D8930C /* DataModel.xcdatamodeld */; };
		59EE269318D89B2C00D8930C /* Location.m in Sources */ = {isa = PBXBuildFile; fileRef = 59EE269218D89B2C00D8930C /* Location.m */; };
/* End PBXBuildFile section */

/* Begin PBXContainerItemProxy section */
		59E31D9E18D13A5000F03728 /* PBXContainerItemProxy */ = {
			isa = PBXContainerItemProxy;
			containerPortal = 59E31D6D18D13A5000F03728 /* Project object */;
			proxyType = 1;
			remoteGlobalIDString = 59E31D7418D13A5000F03728;
			remoteInfo = MyLocations;
		};
/* End PBXContainerItemProxy section */

/* Begin PBXFileReference section */
		59DC6B4218D7EED9006F0DBC /* CategoryPickerViewController.h */ = {isa = PBXFileReference; fileEncoding = 4; lastKnownFileType = sourcecode.c.h; path = CategoryPickerViewController.h; sourceTree = "<group>"; };
		59DC6B4318D7EED9006F0DBC /* CategoryPickerViewController.m */ = {isa = PBXFileReference; fileEncoding = 4; lastKnownFileType = sourcecode.c.objc; path = CategoryPickerViewController.m; sourceTree = "<group>"; };
		59DC6B4518D834A4006F0DBC /* HudView.h */ = {isa = PBXFileReference; fileEncoding = 4; lastKnownFileType = sourcecode.c.h; path = HudView.h; sourceTree = "<group>"; };
		59DC6B4618D834A4006F0DBC /* HudView.m */ = {isa = PBXFileReference; fileEncoding = 4; lastKnownFileType = sourcecode.c.objc; path = HudView.m; sourceTree = "<group>"; };
		59E31D7518D13A5000F03728 /* MyLocations.app */ = {isa = PBXFileReference; explicitFileType = wrapper.application; includeInIndex = 0; path = MyLocations.app; sourceTree = BUILT_PRODUCTS_DIR; };
		59E31D7818D13A5000F03728 /* Foundation.framework */ = {isa = PBXFileReference; lastKnownFileType = wrapper.framework; name = Foundation.framework; path = System/Library/Frameworks/Foundation.framework; sourceTree = SDKROOT; };
		59E31D7A18D13A5000F03728 /* CoreGraphics.framework */ = {isa = PBXFileReference; lastKnownFileType = wrapper.framework; name = CoreGraphics.framework; path = System/Library/Frameworks/CoreGraphics.framework; sourceTree = SDKROOT; };
		59E31D7C18D13A5000F03728 /* UIKit.framework */ = {isa = PBXFileReference; lastKnownFileType = wrapper.framework; name = UIKit.framework; path = System/Library/Frameworks/UIKit.framework; sourceTree = SDKROOT; };
		59E31D8018D13A5000F03728 /* MyLocations-Info.plist */ = {isa = PBXFileReference; lastKnownFileType = text.plist.xml; path = "MyLocations-Info.plist"; sourceTree = "<group>"; };
		59E31D8218D13A5000F03728 /* en */ = {isa = PBXFileReference; lastKnownFileType = text.plist.strings; name = en; path = en.lproj/InfoPlist.strings; sourceTree = "<group>"; };
		59E31D8418D13A5000F03728 /* main.m */ = {isa = PBXFileReference; lastKnownFileType = sourcecode.c.objc; path = main.m; sourceTree = "<group>"; };
		59E31D8618D13A5000F03728 /* MyLocations-Prefix.pch */ = {isa = PBXFileReference; lastKnownFileType = sourcecode.c.h; path = "MyLocations-Prefix.pch"; sourceTree = "<group>"; };
		59E31D8718D13A5000F03728 /* AppDelegate.h */ = {isa = PBXFileReference; lastKnownFileType = sourcecode.c.h; path = AppDelegate.h; sourceTree = "<group>"; };
		59E31D8818D13A5000F03728 /* AppDelegate.m */ = {isa = PBXFileReference; lastKnownFileType = sourcecode.c.objc; path = AppDelegate.m; sourceTree = "<group>"; };
		59E31D8B18D13A5000F03728 /* Base */ = {isa = PBXFileReference; lastKnownFileType = file.storyboard; name = Base; path = Base.lproj/Main.storyboard; sourceTree = "<group>"; };
		59E31D8D18D13A5000F03728 /* CurrentLocationViewController.h */ = {isa = PBXFileReference; lastKnownFileType = sourcecode.c.h; path = CurrentLocationViewController.h; sourceTree = "<group>"; };
		59E31D8E18D13A5000F03728 /* CurrentLocationViewController.m */ = {isa = PBXFileReference; lastKnownFileType = sourcecode.c.objc; path = CurrentLocationViewController.m; sourceTree = "<group>"; };
		59E31D9018D13A5000F03728 /* SecondViewController.h */ = {isa = PBXFileReference; lastKnownFileType = sourcecode.c.h; path = SecondViewController.h; sourceTree = "<group>"; };
		59E31D9118D13A5000F03728 /* SecondViewController.m */ = {isa = PBXFileReference; lastKnownFileType = sourcecode.c.objc; path = SecondViewController.m; sourceTree = "<group>"; };
		59E31D9318D13A5000F03728 /* Images.xcassets */ = {isa = PBXFileReference; lastKnownFileType = folder.assetcatalog; path = Images.xcassets; sourceTree = "<group>"; };
		59E31D9918D13A5000F03728 /* MyLocationsTests.xctest */ = {isa = PBXFileReference; explicitFileType = wrapper.cfbundle; includeInIndex = 0; path = MyLocationsTests.xctest; sourceTree = BUILT_PRODUCTS_DIR; };
		59E31D9A18D13A5000F03728 /* XCTest.framework */ = {isa = PBXFileReference; lastKnownFileType = wrapper.framework; name = XCTest.framework; path = Library/Frameworks/XCTest.framework; sourceTree = DEVELOPER_DIR; };
		59E31DA218D13A5000F03728 /* MyLocationsTests-Info.plist */ = {isa = PBXFileReference; lastKnownFileType = text.plist.xml; path = "MyLocationsTests-Info.plist"; sourceTree = "<group>"; };
		59E31DA418D13A5000F03728 /* en */ = {isa = PBXFileReference; lastKnownFileType = text.plist.strings; name = en; path = en.lproj/InfoPlist.strings; sourceTree = "<group>"; };
		59E31DA618D13A5000F03728 /* MyLocationsTests.m */ = {isa = PBXFileReference; lastKnownFileType = sourcecode.c.objc; path = MyLocationsTests.m; sourceTree = "<group>"; };
		59E31DB018D1463C00F03728 /* CoreLocation.framework */ = {isa = PBXFileReference; lastKnownFileType = wrapper.framework; name = CoreLocation.framework; path = System/Library/Frameworks/CoreLocation.framework; sourceTree = SDKROOT; };
		59EE268918D72A8900D8930C /* LocationDetailsViewController.h */ = {isa = PBXFileReference; fileEncoding = 4; lastKnownFileType = sourcecode.c.h; path = LocationDetailsViewController.h; sourceTree = "<group>"; };
		59EE268A18D72A8900D8930C /* LocationDetailsViewController.m */ = {isa = PBXFileReference; fileEncoding = 4; lastKnownFileType = sourcecode.c.objc; path = LocationDetailsViewController.m; sourceTree = "<group>"; };
		59EE268C18D87E3000D8930C /* CoreData.framework */ = {isa = PBXFileReference; lastKnownFileType = wrapper.framework; name = CoreData.framework; path = System/Library/Frameworks/CoreData.framework; sourceTree = SDKROOT; };
		59EE268F18D87E8600D8930C /* DataModel.xcdatamodel */ = {isa = PBXFileReference; lastKnownFileType = wrapper.xcdatamodel; path = DataModel.xcdatamodel; sourceTree = "<group>"; };
		59EE269118D89B2C00D8930C /* Location.h */ = {isa = PBXFileReference; fileEncoding = 4; lastKnownFileType = sourcecode.c.h; path = Location.h; sourceTree = "<group>"; };
		59EE269218D89B2C00D8930C /* Location.m */ = {isa = PBXFileReference; fileEncoding = 4; lastKnownFileType = sourcecode.c.objc; path = Location.m; sourceTree = "<group>"; };
/* End PBXFileReference section */

/* Begin PBXFrameworksBuildPhase section */
		59E31D7218D13A5000F03728 /* Frameworks */ = {
			isa = PBXFrameworksBuildPhase;
			buildActionMask = 2147483647;
			files = (
				59EE268D18D87E3000D8930C /* CoreData.framework in Frameworks */,
				59E31DB118D1463C00F03728 /* CoreLocation.framework in Frameworks */,
				59E31D7B18D13A5000F03728 /* CoreGraphics.framework in Frameworks */,
				59E31D7D18D13A5000F03728 /* UIKit.framework in Frameworks */,
				59E31D7918D13A5000F03728 /* Foundation.framework in Frameworks */,
			);
			runOnlyForDeploymentPostprocessing = 0;
		};
		59E31D9618D13A5000F03728 /* Frameworks */ = {
			isa = PBXFrameworksBuildPhase;
			buildActionMask = 2147483647;
			files = (
				59E31D9B18D13A5000F03728 /* XCTest.framework in Frameworks */,
				59E31D9D18D13A5000F03728 /* UIKit.framework in Frameworks */,
				59E31D9C18D13A5000F03728 /* Foundation.framework in Frameworks */,
			);
			runOnlyForDeploymentPostprocessing = 0;
		};
/* End PBXFrameworksBuildPhase section */

/* Begin PBXGroup section */
		59E31D6C18D13A5000F03728 = {
			isa = PBXGroup;
			children = (
				59E31D7E18D13A5000F03728 /* MyLocations */,
				59E31DA018D13A5000F03728 /* MyLocationsTests */,
				59E31D7718D13A5000F03728 /* Frameworks */,
				59E31D7618D13A5000F03728 /* Products */,
			);
			sourceTree = "<group>";
		};
		59E31D7618D13A5000F03728 /* Products */ = {
			isa = PBXGroup;
			children = (
				59E31D7518D13A5000F03728 /* MyLocations.app */,
				59E31D9918D13A5000F03728 /* MyLocationsTests.xctest */,
			);
			name = Products;
			sourceTree = "<group>";
		};
		59E31D7718D13A5000F03728 /* Frameworks */ = {
			isa = PBXGroup;
			children = (
				59EE268C18D87E3000D8930C /* CoreData.framework */,
				59E31DB018D1463C00F03728 /* CoreLocation.framework */,
				59E31D7818D13A5000F03728 /* Foundation.framework */,
				59E31D7A18D13A5000F03728 /* CoreGraphics.framework */,
				59E31D7C18D13A5000F03728 /* UIKit.framework */,
				59E31D9A18D13A5000F03728 /* XCTest.framework */,
			);
			name = Frameworks;
			sourceTree = "<group>";
		};
		59E31D7E18D13A5000F03728 /* MyLocations */ = {
			isa = PBXGroup;
			children = (
				59E31D8718D13A5000F03728 /* AppDelegate.h */,
				59E31D8818D13A5000F03728 /* AppDelegate.m */,
				59E31D8A18D13A5000F03728 /* Main.storyboard */,
				59E31D8D18D13A5000F03728 /* CurrentLocationViewController.h */,
				59E31D8E18D13A5000F03728 /* CurrentLocationViewController.m */,
				59E31D9018D13A5000F03728 /* SecondViewController.h */,
				59E31D9118D13A5000F03728 /* SecondViewController.m */,
				59E31D9318D13A5000F03728 /* Images.xcassets */,
				59E31D7F18D13A5000F03728 /* Supporting Files */,
				59EE268918D72A8900D8930C /* LocationDetailsViewController.h */,
				59EE268A18D72A8900D8930C /* LocationDetailsViewController.m */,
				59DC6B4218D7EED9006F0DBC /* CategoryPickerViewController.h */,
				59DC6B4318D7EED9006F0DBC /* CategoryPickerViewController.m */,
				59DC6B4518D834A4006F0DBC /* HudView.h */,
				59DC6B4618D834A4006F0DBC /* HudView.m */,
				59EE268E18D87E8600D8930C /* DataModel.xcdatamodeld */,
				59EE269118D89B2C00D8930C /* Location.h */,
				59EE269218D89B2C00D8930C /* Location.m */,
			);
			path = MyLocations;
			sourceTree = "<group>";
		};
		59E31D7F18D13A5000F03728 /* Supporting Files */ = {
			isa = PBXGroup;
			children = (
				59E31D8018D13A5000F03728 /* MyLocations-Info.plist */,
				59E31D8118D13A5000F03728 /* InfoPlist.strings */,
				59E31D8418D13A5000F03728 /* main.m */,
				59E31D8618D13A5000F03728 /* MyLocations-Prefix.pch */,
			);
			name = "Supporting Files";
			sourceTree = "<group>";
		};
		59E31DA018D13A5000F03728 /* MyLocationsTests */ = {
			isa = PBXGroup;
			children = (
				59E31DA618D13A5000F03728 /* MyLocationsTests.m */,
				59E31DA118D13A5000F03728 /* Supporting Files */,
			);
			path = MyLocationsTests;
			sourceTree = "<group>";
		};
		59E31DA118D13A5000F03728 /* Supporting Files */ = {
			isa = PBXGroup;
			children = (
				59E31DA218D13A5000F03728 /* MyLocationsTests-Info.plist */,
				59E31DA318D13A5000F03728 /* InfoPlist.strings */,
			);
			name = "Supporting Files";
			sourceTree = "<group>";
		};
/* End PBXGroup section */

/* Begin PBXNativeTarget section */
		59E31D7418D13A5000F03728 /* MyLocations */ = {
			isa = PBXNativeTarget;
			buildConfigurationList = 59E31DAA18D13A5000F03728 /* Build configuration list for PBXNativeTarget "MyLocations" */;
			buildPhases = (
				59E31D7118D13A5000F03728 /* Sources */,
				59E31D7218D13A5000F03728 /* Frameworks */,
				59E31D7318D13A5000F03728 /* Resources */,
			);
			buildRules = (
			);
			dependencies = (
			);
			name = MyLocations;
			productName = MyLocations;
			productReference = 59E31D7518D13A5000F03728 /* MyLocations.app */;
			productType = "com.apple.product-type.application";
		};
		59E31D9818D13A5000F03728 /* MyLocationsTests */ = {
			isa = PBXNativeTarget;
			buildConfigurationList = 59E31DAD18D13A5000F03728 /* Build configuration list for PBXNativeTarget "MyLocationsTests" */;
			buildPhases = (
				59E31D9518D13A5000F03728 /* Sources */,
				59E31D9618D13A5000F03728 /* Frameworks */,
				59E31D9718D13A5000F03728 /* Resources */,
			);
			buildRules = (
			);
			dependencies = (
				59E31D9F18D13A5000F03728 /* PBXTargetDependency */,
			);
			name = MyLocationsTests;
			productName = MyLocationsTests;
			productReference = 59E31D9918D13A5000F03728 /* MyLocationsTests.xctest */;
			productType = "com.apple.product-type.bundle.unit-test";
		};
/* End PBXNativeTarget section */

/* Begin PBXProject section */
		59E31D6D18D13A5000F03728 /* Project object */ = {
			isa = PBXProject;
			attributes = {
				LastUpgradeCheck = 0510;
				ORGANIZATIONNAME = showgram;
				TargetAttributes = {
					59E31D9818D13A5000F03728 = {
						TestTargetID = 59E31D7418D13A5000F03728;
					};
				};
			};
			buildConfigurationList = 59E31D7018D13A5000F03728 /* Build configuration list for PBXProject "MyLocations" */;
			compatibilityVersion = "Xcode 3.2";
			developmentRegion = English;
			hasScannedForEncodings = 0;
			knownRegions = (
				en,
				Base,
			);
			mainGroup = 59E31D6C18D13A5000F03728;
			productRefGroup = 59E31D7618D13A5000F03728 /* Products */;
			projectDirPath = "";
			projectRoot = "";
			targets = (
				59E31D7418D13A5000F03728 /* MyLocations */,
				59E31D9818D13A5000F03728 /* MyLocationsTests */,
			);
		};
/* End PBXProject section */

/* Begin PBXResourcesBuildPhase section */
		59E31D7318D13A5000F03728 /* Resources */ = {
			isa = PBXResourcesBuildPhase;
			buildActionMask = 2147483647;
			files = (
				59E31D9418D13A5000F03728 /* Images.xcassets in Resources */,
				59E31D8318D13A5000F03728 /* InfoPlist.strings in Resources */,
				59E31D8C18D13A5000F03728 /* Main.storyboard in Resources */,
			);
			runOnlyForDeploymentPostprocessing = 0;
		};
		59E31D9718D13A5000F03728 /* Resources */ = {
			isa = PBXResourcesBuildPhase;
			buildActionMask = 2147483647;
			files = (
				59E31DA518D13A5000F03728 /* InfoPlist.strings in Resources */,
			);
			runOnlyForDeploymentPostprocessing = 0;
		};
/* End PBXResourcesBuildPhase section */

/* Begin PBXSourcesBuildPhase section */
		59E31D7118D13A5000F03728 /* Sources */ = {
			isa = PBXSourcesBuildPhase;
			buildActionMask = 2147483647;
			files = (
				59E31D9218D13A5000F03728 /* SecondViewController.m in Sources */,
				59EE269018D87E8600D8930C /* DataModel.xcdatamodeld in Sources */,
				59E31D8918D13A5000F03728 /* AppDelegate.m in Sources */,
				59E31D8F18D13A5000F03728 /* CurrentLocationViewController.m in Sources */,
				59EE269318D89B2C00D8930C /* Location.m in Sources */,
				59E31D8518D13A5000F03728 /* main.m in Sources */,
				59DC6B4718D834A4006F0DBC /* HudView.m in Sources */,
				59DC6B4418D7EED9006F0DBC /* CategoryPickerViewController.m in Sources */,
				59EE268B18D72A8900D8930C /* LocationDetailsViewController.m in Sources */,
			);
			runOnlyForDeploymentPostprocessing = 0;
		};
		59E31D9518D13A5000F03728 /* Sources */ = {
			isa = PBXSourcesBuildPhase;
			buildActionMask = 2147483647;
			files = (
				59E31DA718D13A5000F03728 /* MyLocationsTests.m in Sources */,
			);
			runOnlyForDeploymentPostprocessing = 0;
		};
/* End PBXSourcesBuildPhase section */

/* Begin PBXTargetDependency section */
		59E31D9F18D13A5000F03728 /* PBXTargetDependency */ = {
			isa = PBXTargetDependency;
			target = 59E31D7418D13A5000F03728 /* MyLocations */;
			targetProxy = 59E31D9E18D13A5000F03728 /* PBXContainerItemProxy */;
		};
/* End PBXTargetDependency section */

/* Begin PBXVariantGroup section */
		59E31D8118D13A5000F03728 /* InfoPlist.strings */ = {
			isa = PBXVariantGroup;
			children = (
				59E31D8218D13A5000F03728 /* en */,
			);
			name = InfoPlist.strings;
			sourceTree = "<group>";
		};
		59E31D8A18D13A5000F03728 /* Main.storyboard */ = {
			isa = PBXVariantGroup;
			children = (
				59E31D8B18D13A5000F03728 /* Base */,
			);
			name = Main.storyboard;
			sourceTree = "<group>";
		};
		59E31DA318D13A5000F03728 /* InfoPlist.strings */ = {
			isa = PBXVariantGroup;
			children = (
				59E31DA418D13A5000F03728 /* en */,
			);
			name = InfoPlist.strings;
			sourceTree = "<group>";
		};
/* End PBXVariantGroup section */

/* Begin XCBuildConfiguration section */
		59E31DA818D13A5000F03728 /* Debug */ = {
			isa = XCBuildConfiguration;
			buildSettings = {
				ALWAYS_SEARCH_USER_PATHS = NO;
				CLANG_CXX_LANGUAGE_STANDARD = "gnu++0x";
				CLANG_CXX_LIBRARY = "libc++";
				CLANG_ENABLE_MODULES = YES;
				CLANG_ENABLE_OBJC_ARC = YES;
				CLANG_WARN_BOOL_CONVERSION = YES;
				CLANG_WARN_CONSTANT_CONVERSION = YES;
				CLANG_WARN_DIRECT_OBJC_ISA_USAGE = YES_ERROR;
				CLANG_WARN_EMPTY_BODY = YES;
				CLANG_WARN_ENUM_CONVERSION = YES;
				CLANG_WARN_INT_CONVERSION = YES;
				CLANG_WARN_OBJC_ROOT_CLASS = YES_ERROR;
				CLANG_WARN__DUPLICATE_METHOD_MATCH = YES;
				"CODE_SIGN_IDENTITY[sdk=iphoneos*]" = "iPhone Developer";
				COPY_PHASE_STRIP = NO;
				GCC_C_LANGUAGE_STANDARD = gnu99;
				GCC_DYNAMIC_NO_PIC = NO;
				GCC_OPTIMIZATION_LEVEL = 0;
				GCC_PREPROCESSOR_DEFINITIONS = (
					"DEBUG=1",
					"$(inherited)",
				);
				GCC_SYMBOLS_PRIVATE_EXTERN = NO;
				GCC_WARN_64_TO_32_BIT_CONVERSION = YES;
				GCC_WARN_ABOUT_RETURN_TYPE = YES_ERROR;
				GCC_WARN_UNDECLARED_SELECTOR = YES;
				GCC_WARN_UNINITIALIZED_AUTOS = YES;
				GCC_WARN_UNUSED_FUNCTION = YES;
				GCC_WARN_UNUSED_VARIABLE = YES;
				IPHONEOS_DEPLOYMENT_TARGET = 7.0;
				ONLY_ACTIVE_ARCH = YES;
				SDKROOT = iphoneos;
			};
			name = Debug;
		};
		59E31DA918D13A5000F03728 /* Release */ = {
			isa = XCBuildConfiguration;
			buildSettings = {
				ALWAYS_SEARCH_USER_PATHS = NO;
				CLANG_CXX_LANGUAGE_STANDARD = "gnu++0x";
				CLANG_CXX_LIBRARY = "libc++";
				CLANG_ENABLE_MODULES = YES;
				CLANG_ENABLE_OBJC_ARC = YES;
				CLANG_WARN_BOOL_CONVERSION = YES;
				CLANG_WARN_CONSTANT_CONVERSION = YES;
				CLANG_WARN_DIRECT_OBJC_ISA_USAGE = YES_ERROR;
				CLANG_WARN_EMPTY_BODY = YES;
				CLANG_WARN_ENUM_CONVERSION = YES;
				CLANG_WARN_INT_CONVERSION = YES;
				CLANG_WARN_OBJC_ROOT_CLASS = YES_ERROR;
				CLANG_WARN__DUPLICATE_METHOD_MATCH = YES;
				"CODE_SIGN_IDENTITY[sdk=iphoneos*]" = "iPhone Developer";
				COPY_PHASE_STRIP = YES;
				ENABLE_NS_ASSERTIONS = NO;
				GCC_C_LANGUAGE_STANDARD = gnu99;
				GCC_WARN_64_TO_32_BIT_CONVERSION = YES;
				GCC_WARN_ABOUT_RETURN_TYPE = YES_ERROR;
				GCC_WARN_UNDECLARED_SELECTOR = YES;
				GCC_WARN_UNINITIALIZED_AUTOS = YES;
				GCC_WARN_UNUSED_FUNCTION = YES;
				GCC_WARN_UNUSED_VARIABLE = YES;
				IPHONEOS_DEPLOYMENT_TARGET = 7.0;
				SDKROOT = iphoneos;
				VALIDATE_PRODUCT = YES;
			};
			name = Release;
		};
		59E31DAB18D13A5000F03728 /* Debug */ = {
			isa = XCBuildConfiguration;
			buildSettings = {
				ASSETCATALOG_COMPILER_APPICON_NAME = AppIcon;
				ASSETCATALOG_COMPILER_LAUNCHIMAGE_NAME = LaunchImage;
				GCC_PRECOMPILE_PREFIX_HEADER = YES;
				GCC_PREFIX_HEADER = "MyLocations/MyLocations-Prefix.pch";
				INFOPLIST_FILE = "MyLocations/MyLocations-Info.plist";
				PRODUCT_NAME = "$(TARGET_NAME)";
				WRAPPER_EXTENSION = app;
			};
			name = Debug;
		};
		59E31DAC18D13A5000F03728 /* Release */ = {
			isa = XCBuildConfiguration;
			buildSettings = {
				ASSETCATALOG_COMPILER_APPICON_NAME = AppIcon;
				ASSETCATALOG_COMPILER_LAUNCHIMAGE_NAME = LaunchImage;
				GCC_PRECOMPILE_PREFIX_HEADER = YES;
				GCC_PREFIX_HEADER = "MyLocations/MyLocations-Prefix.pch";
				INFOPLIST_FILE = "MyLocations/MyLocations-Info.plist";
				PRODUCT_NAME = "$(TARGET_NAME)";
				WRAPPER_EXTENSION = app;
			};
			name = Release;
		};
		59E31DAE18D13A5000F03728 /* Debug */ = {
			isa = XCBuildConfiguration;
			buildSettings = {
				BUNDLE_LOADER = "$(BUILT_PRODUCTS_DIR)/MyLocations.app/MyLocations";
				FRAMEWORK_SEARCH_PATHS = (
					"$(SDKROOT)/Developer/Library/Frameworks",
					"$(inherited)",
					"$(DEVELOPER_FRAMEWORKS_DIR)",
				);
				GCC_PRECOMPILE_PREFIX_HEADER = YES;
				GCC_PREFIX_HEADER = "MyLocations/MyLocations-Prefix.pch";
				GCC_PREPROCESSOR_DEFINITIONS = (
					"DEBUG=1",
					"$(inherited)",
				);
				INFOPLIST_FILE = "MyLocationsTests/MyLocationsTests-Info.plist";
				PRODUCT_NAME = "$(TARGET_NAME)";
				TEST_HOST = "$(BUNDLE_LOADER)";
				WRAPPER_EXTENSION = xctest;
			};
			name = Debug;
		};
		59E31DAF18D13A5000F03728 /* Release */ = {
			isa = XCBuildConfiguration;
			buildSettings = {
				BUNDLE_LOADER = "$(BUILT_PRODUCTS_DIR)/MyLocations.app/MyLocations";
				FRAMEWORK_SEARCH_PATHS = (
					"$(SDKROOT)/Developer/Library/Frameworks",
					"$(inherited)",
					"$(DEVELOPER_FRAMEWORKS_DIR)",
				);
				GCC_PRECOMPILE_PREFIX_HEADER = YES;
				GCC_PREFIX_HEADER = "MyLocations/MyLocations-Prefix.pch";
				INFOPLIST_FILE = "MyLocationsTests/MyLocationsTests-Info.plist";
				PRODUCT_NAME = "$(TARGET_NAME)";
				TEST_HOST = "$(BUNDLE_LOADER)";
				WRAPPER_EXTENSION = xctest;
			};
			name = Release;
		};
/* End XCBuildConfiguration section */

/* Begin XCConfigurationList section */
		59E31D7018D13A5000F03728 /* Build configuration list for PBXProject "MyLocations" */ = {
			isa = XCConfigurationList;
			buildConfigurations = (
				59E31DA818D13A5000F03728 /* Debug */,
				59E31DA918D13A5000F03728 /* Release */,
			);
			defaultConfigurationIsVisible = 0;
			defaultConfigurationName = Release;
		};
		59E31DAA18D13A5000F03728 /* Build configuration list for PBXNativeTarget "MyLocations" */ = {
			isa = XCConfigurationList;
			buildConfigurations = (
				59E31DAB18D13A5000F03728 /* Debug */,
				59E31DAC18D13A5000F03728 /* Release */,
			);
			defaultConfigurationIsVisible = 0;
			defaultConfigurationName = Release;
		};
		59E31DAD18D13A5000F03728 /* Build configuration list for PBXNativeTarget "MyLocationsTests" */ = {
			isa = XCConfigurationList;
			buildConfigurations = (
				59E31DAE18D13A5000F03728 /* Debug */,
				59E31DAF18D13A5000F03728 /* Release */,
			);
			defaultConfigurationIsVisible = 0;
			defaultConfigurationName = Release;
		};
/* End XCConfigurationList section */

/* Begin XCVersionGroup section */
		59EE268E18D87E8600D8930C /* DataModel.xcdatamodeld */ = {
			isa = XCVersionGroup;
			children = (
				59EE268F18D87E8600D8930C /* DataModel.xcdatamodel */,
			);
			currentVersion = 59EE268F18D87E8600D8930C /* DataModel.xcdatamodel */;
			name = DataModel.xcdatamodeld;
			path = ../DataModel.xcdatamodeld;
			sourceTree = "<group>";
			versionGroupType = wrapper.xcdatamodel;
		};
/* End XCVersionGroup section */
	};
	rootObject = 59E31D6D18D13A5000F03728 /* Project object */;
}
